{
  "version": "3",
  "remote": {
    "https://deno.land/std@0.191.0/collections/filter_values.ts": "5b9feaf17b9a6e5ffccdd36cf6f38fa4ffa94cff2602d381c2ad0c2a97929652",
    "https://deno.land/std@0.191.0/collections/without_all.ts": "a89f5da0b5830defed4f59666e188df411d8fece35a5f6ca69be6ca71a95c185",
    "https://deno.land/std@0.191.0/dotenv/load.ts": "0636983549b98f29ab75c9a22a42d9723f0a389ece5498fe971e7bb2556a12e2",
    "https://deno.land/std@0.191.0/dotenv/mod.ts": "f5a8123741d1561ae8184a7f043bc097b15132c5171c651142b804b6dbc21853",
    "https://deno.land/x/denocord_webhook@v1.20/Ignore/mod.ts": "76b6fed0aa9720617038c2686960afa1d897c82c13891daa6119bfe4e6fb2c07",
    "https://deno.land/x/denocord_webhook@v1.20/Logger/mod.ts": "55e9be6fa545ee943528173878a9c67a361e10101ee60232980ec821c45a8d7d",
    "https://deno.land/x/denocord_webhook@v1.20/Types/mod.ts": "032d571aa02d6594eff8d0742fd1bf6a6953faba8acafa7e0339aac9bd958979",
    "https://deno.land/x/denocord_webhook@v1.20/Validator/mod.ts": "efc6ec2b20b81913b6ebfbd4d4e638085b93dba8bc3c4939bf34c80d633600ae",
    "https://deno.land/x/denocord_webhook@v1.20/mod.ts": "6791cc174e1454661fe734caef40e93ab40b4ee0de2966e4e1fba2ddb011a7f8"
  }
}
